
Microsoft Visual Studio Solution File, Format Version 12.00
# Visual Studio 14
VisualStudioVersion = 14.0.25123.0
MinimumVisualStudioVersion = 10.0.40219.1
Project("{FAE04EC0-301F-11D3-BF4B-00C04F79EFBC}") = "BagOLoot", "BagOLoot\BagOLoot.csproj", "{B546E0AC-E5B5-4115-8E59-31218D433D22}"
EndProject
Project("{FAE04EC0-301F-11D3-BF4B-00C04F79EFBC}") = "BagOLootTests", "BagOLootTests\BagOLootTests.csproj", "{E8D4CA1C-C912-42D8-84F9-D1F1B592A5F3}"
EndProject
Global
	GlobalSection(SolutionConfigurationPlatforms) = preSolution
		Debug|Any CPU = Debug|Any CPU
		Release|Any CPU = Release|Any CPU
	EndGlobalSection
	GlobalSection(ProjectConfigurationPlatforms) = postSolution
		{B546E0AC-E5B5-4115-8E59-31218D433D22}.Debug|Any CPU.ActiveCfg = Debug|Any CPU
		{B546E0AC-E5B5-4115-8E59-31218D433D22}.Debug|Any CPU.Build.0 = Debug|Any CPU
		{B546E0AC-E5B5-4115-8E59-31218D433D22}.Release|Any CPU.ActiveCfg = Release|Any CPU
		{B546E0AC-E5B5-4115-8E59-31218D433D22}.Release|Any CPU.Build.0 = Release|Any CPU
		{E8D4CA1C-C912-42D8-84F9-D1F1B592A5F3}.Debug|Any CPU.ActiveCfg = Debug|Any CPU
		{E8D4CA1C-C912-42D8-84F9-D1F1B592A5F3}.Debug|Any CPU.Build.0 = Debug|Any CPU
		{E8D4CA1C-C912-42D8-84F9-D1F1B592A5F3}.Release|Any CPU.ActiveCfg = Release|Any CPU
		{E8D4CA1C-C912-42D8-84F9-D1F1B592A5F3}.Release|Any CPU.Build.0 = Release|Any CPU
	EndGlobalSection
	GlobalSection(SolutionProperties) = preSolution
		HideSolutionNode = FALSE
	EndGlobalSection
EndGlobal
